
Microsoft Visual Studio Solution File, Format Version 12.00
# Visual Studio Version 17
VisualStudioVersion = 17.2.32602.215
MinimumVisualStudioVersion = 10.0.40219.1
Project("{FAE04EC0-301F-11D3-BF4B-00C04F79EFBC}") = "NBAStatsAPI", "NBAStatsAPI\NBAStatsAPI.csproj", "{750A127B-279D-495C-906E-094895CBF8F1}"
EndProject
Project("{2150E333-8FDC-42A3-9474-1A3956D46DE8}") = "1 - Aplicacao", "1 - Aplicacao", "{74EC2864-B802-4CE3-900F-96AAB193C56A}"
EndProject
Project("{2150E333-8FDC-42A3-9474-1A3956D46DE8}") = "2 - Dominio", "2 - Dominio", "{1D28E346-867A-4DDD-9260-846CDC29B2DD}"
EndProject
Project("{2150E333-8FDC-42A3-9474-1A3956D46DE8}") = "3 - Servicos", "3 - Servicos", "{B3DFAF0C-00E8-4E0B-A0B9-13EC5DF85FFB}"
EndProject
Project("{2150E333-8FDC-42A3-9474-1A3956D46DE8}") = "4 - Infra", "4 - Infra", "{EC035105-AD8F-4DF9-9186-E123A9BF660A}"
EndProject
Project("{FAE04EC0-301F-11D3-BF4B-00C04F79EFBC}") = "NBAStatsAPI.Dominio", "NBAStatsAPI.Dominio\NBAStatsAPI.Dominio.csproj", "{192181E5-8766-4A73-B9F2-AB58A782969E}"
EndProject
Project("{FAE04EC0-301F-11D3-BF4B-00C04F79EFBC}") = "NBAStatsAPI.Servicos", "NBAStatsAPI.Servicos\NBAStatsAPI.Servicos.csproj", "{BDDF0E00-ED04-43A5-90D0-5EDE038E851B}"
EndProject
Project("{2150E333-8FDC-42A3-9474-1A3956D46DE8}") = "4.1 - Infra", "4.1 - Infra", "{449AB261-BCFF-4AF0-B941-930F4F4FE5ED}"
EndProject
Project("{2150E333-8FDC-42A3-9474-1A3956D46DE8}") = "4.2 - CrossCutting", "4.2 - CrossCutting", "{0C7A6D62-3991-429B-9549-C609903D5E02}"
EndProject
Project("{FAE04EC0-301F-11D3-BF4B-00C04F79EFBC}") = "NBAStatsAPI.Infra", "NBAStatsAPI.Infra\NBAStatsAPI.Infra.csproj", "{8E8FA0F4-054C-494C-9F2C-1DE9F6B863BE}"
EndProject
Project("{FAE04EC0-301F-11D3-BF4B-00C04F79EFBC}") = "NBAStatsAPI.CrossCutting", "NBAStatsAPI.CrossCutting\NBAStatsAPI.CrossCutting.csproj", "{24DEEEB1-C8BC-4345-9FF1-04810C9D66A7}"
EndProject
Global
	GlobalSection(SolutionConfigurationPlatforms) = preSolution
		Debug|Any CPU = Debug|Any CPU
		Release|Any CPU = Release|Any CPU
	EndGlobalSection
	GlobalSection(ProjectConfigurationPlatforms) = postSolution
		{750A127B-279D-495C-906E-094895CBF8F1}.Debug|Any CPU.ActiveCfg = Debug|Any CPU
		{750A127B-279D-495C-906E-094895CBF8F1}.Debug|Any CPU.Build.0 = Debug|Any CPU
		{750A127B-279D-495C-906E-094895CBF8F1}.Release|Any CPU.ActiveCfg = Release|Any CPU
		{750A127B-279D-495C-906E-094895CBF8F1}.Release|Any CPU.Build.0 = Release|Any CPU
		{192181E5-8766-4A73-B9F2-AB58A782969E}.Debug|Any CPU.ActiveCfg = Debug|Any CPU
		{192181E5-8766-4A73-B9F2-AB58A782969E}.Debug|Any CPU.Build.0 = Debug|Any CPU
		{192181E5-8766-4A73-B9F2-AB58A782969E}.Release|Any CPU.ActiveCfg = Release|Any CPU
		{192181E5-8766-4A73-B9F2-AB58A782969E}.Release|Any CPU.Build.0 = Release|Any CPU
		{BDDF0E00-ED04-43A5-90D0-5EDE038E851B}.Debug|Any CPU.ActiveCfg = Debug|Any CPU
		{BDDF0E00-ED04-43A5-90D0-5EDE038E851B}.Debug|Any CPU.Build.0 = Debug|Any CPU
		{BDDF0E00-ED04-43A5-90D0-5EDE038E851B}.Release|Any CPU.ActiveCfg = Release|Any CPU
		{BDDF0E00-ED04-43A5-90D0-5EDE038E851B}.Release|Any CPU.Build.0 = Release|Any CPU
		{8E8FA0F4-054C-494C-9F2C-1DE9F6B863BE}.Debug|Any CPU.ActiveCfg = Debug|Any CPU
		{8E8FA0F4-054C-494C-9F2C-1DE9F6B863BE}.Debug|Any CPU.Build.0 = Debug|Any CPU
		{8E8FA0F4-054C-494C-9F2C-1DE9F6B863BE}.Release|Any CPU.ActiveCfg = Release|Any CPU
		{8E8FA0F4-054C-494C-9F2C-1DE9F6B863BE}.Release|Any CPU.Build.0 = Release|Any CPU
		{24DEEEB1-C8BC-4345-9FF1-04810C9D66A7}.Debug|Any CPU.ActiveCfg = Debug|Any CPU
		{24DEEEB1-C8BC-4345-9FF1-04810C9D66A7}.Debug|Any CPU.Build.0 = Debug|Any CPU
		{24DEEEB1-C8BC-4345-9FF1-04810C9D66A7}.Release|Any CPU.ActiveCfg = Release|Any CPU
		{24DEEEB1-C8BC-4345-9FF1-04810C9D66A7}.Release|Any CPU.Build.0 = Release|Any CPU
	EndGlobalSection
	GlobalSection(SolutionProperties) = preSolution
		HideSolutionNode = FALSE
	EndGlobalSection
	GlobalSection(NestedProjects) = preSolution
		{750A127B-279D-495C-906E-094895CBF8F1} = {74EC2864-B802-4CE3-900F-96AAB193C56A}
		{192181E5-8766-4A73-B9F2-AB58A782969E} = {1D28E346-867A-4DDD-9260-846CDC29B2DD}
		{BDDF0E00-ED04-43A5-90D0-5EDE038E851B} = {B3DFAF0C-00E8-4E0B-A0B9-13EC5DF85FFB}
		{449AB261-BCFF-4AF0-B941-930F4F4FE5ED} = {EC035105-AD8F-4DF9-9186-E123A9BF660A}
		{0C7A6D62-3991-429B-9549-C609903D5E02} = {EC035105-AD8F-4DF9-9186-E123A9BF660A}
		{8E8FA0F4-054C-494C-9F2C-1DE9F6B863BE} = {449AB261-BCFF-4AF0-B941-930F4F4FE5ED}
		{24DEEEB1-C8BC-4345-9FF1-04810C9D66A7} = {0C7A6D62-3991-429B-9549-C609903D5E02}
	EndGlobalSection
	GlobalSection(ExtensibilityGlobals) = postSolution
		SolutionGuid = {5A27380A-56AB-45CF-997C-4CB9E829F624}
	EndGlobalSection
EndGlobal
